// !$*UTF8*$!
{
	archiveVersion = 1;
	classes = {
	};
	objectVersion = 50;
	objects = {

/* Begin PBXBuildFile section */
		3E934D7D26488B2900AA575E /* AppDelegate.swift in Sources */ = {isa = PBXBuildFile; fileRef = 3E934D7C26488B2900AA575E /* AppDelegate.swift */; };
		3E934D7F26488B2900AA575E /* SceneDelegate.swift in Sources */ = {isa = PBXBuildFile; fileRef = 3E934D7E26488B2900AA575E /* SceneDelegate.swift */; };
		3E934D8126488B2900AA575E /* ViewController.swift in Sources */ = {isa = PBXBuildFile; fileRef = 3E934D8026488B2900AA575E /* ViewController.swift */; };
		3E934D8426488B2900AA575E /* Main.storyboard in Resources */ = {isa = PBXBuildFile; fileRef = 3E934D8226488B2900AA575E /* Main.storyboard */; };
		3E934D8726488B2900AA575E /* APPLE_PIE.xcdatamodeld in Sources */ = {isa = PBXBuildFile; fileRef = 3E934D8526488B2900AA575E /* APPLE_PIE.xcdatamodeld */; };
		3E934D8926488B2C00AA575E /* Assets.xcassets in Resources */ = {isa = PBXBuildFile; fileRef = 3E934D8826488B2C00AA575E /* Assets.xcassets */; };
		3E934D8C26488B2C00AA575E /* LaunchScreen.storyboard in Resources */ = {isa = PBXBuildFile; fileRef = 3E934D8A26488B2C00AA575E /* LaunchScreen.storyboard */; };
/* End PBXBuildFile section */

/* Begin PBXFileReference section */
		3E934D7926488B2900AA575E /* APPLE PIE.app */ = {isa = PBXFileReference; explicitFileType = wrapper.application; includeInIndex = 0; path = "APPLE PIE.app"; sourceTree = BUILT_PRODUCTS_DIR; };
		3E934D7C26488B2900AA575E /* AppDelegate.swift */ = {isa = PBXFileReference; lastKnownFileType = sourcecode.swift; path = AppDelegate.swift; sourceTree = "<group>"; };
		3E934D7E26488B2900AA575E /* SceneDelegate.swift */ = {isa = PBXFileReference; lastKnownFileType = sourcecode.swift; path = SceneDelegate.swift; sourceTree = "<group>"; };
		3E934D8026488B2900AA575E /* ViewController.swift */ = {isa = PBXFileReference; lastKnownFileType = sourcecode.swift; path = ViewController.swift; sourceTree = "<group>"; };
		3E934D8326488B2900AA575E /* Base */ = {isa = PBXFileReference; lastKnownFileType = file.storyboard; name = Base; path = Base.lproj/Main.storyboard; sourceTree = "<group>"; };
		3E934D8626488B2900AA575E /* APPLE_PIE.xcdatamodel */ = {isa = PBXFileReference; lastKnownFileType = wrapper.xcdatamodel; path = APPLE_PIE.xcdatamodel; sourceTree = "<group>"; };
		3E934D8826488B2C00AA575E /* Assets.xcassets */ = {isa = PBXFileReference; lastKnownFileType = folder.assetcatalog; path = Assets.xcassets; sourceTree = "<group>"; };
		3E934D8B26488B2C00AA575E /* Base */ = {isa = PBXFileReference; lastKnownFileType = file.storyboard; name = Base; path = Base.lproj/LaunchScreen.storyboard; sourceTree = "<group>"; };
		3E934D8D26488B2C00AA575E /* Info.plist */ = {isa = PBXFileReference; lastKnownFileType = text.plist.xml; path = Info.plist; sourceTree = "<group>"; };
/* End PBXFileReference section */

/* Begin PBXFrameworksBuildPhase section */
		3E934D7626488B2900AA575E /* Frameworks */ = {
			isa = PBXFrameworksBuildPhase;
			buildActionMask = 2147483647;
			files = (
			);
			runOnlyForDeploymentPostprocessing = 0;
		};
/* End PBXFrameworksBuildPhase section */

/* Begin PBXGroup section */
		3E934D7026488B2900AA575E = {
			isa = PBXGroup;
			children = (
				3E934D7B26488B2900AA575E /* APPLE PIE */,
				3E934D7A26488B2900AA575E /* Products */,
			);
			sourceTree = "<group>";
		};
		3E934D7A26488B2900AA575E /* Products */ = {
			isa = PBXGroup;
			children = (
				3E934D7926488B2900AA575E /* APPLE PIE.app */,
			);
			name = Products;
			sourceTree = "<group>";
		};
		3E934D7B26488B2900AA575E /* APPLE PIE */ = {
			isa = PBXGroup;
			children = (
				3E934D7C26488B2900AA575E /* AppDelegate.swift */,
				3E934D7E26488B2900AA575E /* SceneDelegate.swift */,
				3E934D8026488B2900AA575E /* ViewController.swift */,
				3E934D8226488B2900AA575E /* Main.storyboard */,
				3E934D8826488B2C00AA575E /* Assets.xcassets */,
				3E934D8A26488B2C00AA575E /* LaunchScreen.storyboard */,
				3E934D8D26488B2C00AA575E /* Info.plist */,
				3E934D8526488B2900AA575E /* APPLE_PIE.xcdatamodeld */,
			);
			path = "APPLE PIE";
			sourceTree = "<group>";
		};
/* End PBXGroup section */

/* Begin PBXNativeTarget section */
		3E934D7826488B2900AA575E /* APPLE PIE */ = {
			isa = PBXNativeTarget;
			buildConfigurationList = 3E934D9026488B2C00AA575E /* Build configuration list for PBXNativeTarget "APPLE PIE" */;
			buildPhases = (
				3E934D7526488B2900AA575E /* Sources */,
				3E934D7626488B2900AA575E /* Frameworks */,
				3E934D7726488B2900AA575E /* Resources */,
			);
			buildRules = (
			);
			dependencies = (
			);
			name = "APPLE PIE";
			productName = "APPLE PIE";
			productReference = 3E934D7926488B2900AA575E /* APPLE PIE.app */;
			productType = "com.apple.product-type.application";
		};
/* End PBXNativeTarget section */

/* Begin PBXProject section */
		3E934D7126488B2900AA575E /* Project object */ = {
			isa = PBXProject;
			attributes = {
				LastSwiftUpdateCheck = 1250;
				LastUpgradeCheck = 1250;
				TargetAttributes = {
					3E934D7826488B2900AA575E = {
						CreatedOnToolsVersion = 12.5;
					};
				};
			};
			buildConfigurationList = 3E934D7426488B2900AA575E /* Build configuration list for PBXProject "APPLE PIE" */;
			compatibilityVersion = "Xcode 9.3";
			developmentRegion = en;
			hasScannedForEncodings = 0;
			knownRegions = (
				en,
				Base,
			);
			mainGroup = 3E934D7026488B2900AA575E;
			productRefGroup = 3E934D7A26488B2900AA575E /* Products */;
			projectDirPath = "";
			projectRoot = "";
			targets = (
				3E934D7826488B2900AA575E /* APPLE PIE */,
			);
		};
/* End PBXProject section */

/* Begin PBXResourcesBuildPhase section */
		3E934D7726488B2900AA575E /* Resources */ = {
			isa = PBXResourcesBuildPhase;
			buildActionMask = 2147483647;
			files = (
				3E934D8C26488B2C00AA575E /* LaunchScreen.storyboard in Resources */,
				3E934D8926488B2C00AA575E /* Assets.xcassets in Resources */,
				3E934D8426488B2900AA575E /* Main.storyboard in Resources */,
			);
			runOnlyForDeploymentPostprocessing = 0;
		};
/* End PBXResourcesBuildPhase section */

/* Begin PBXSourcesBuildPhase section */
		3E934D7526488B2900AA575E /* Sources */ = {
			isa = PBXSourcesBuildPhase;
			buildActionMask = 2147483647;
			files = (
				3E934D8126488B2900AA575E /* ViewController.swift in Sources */,
				3E934D8726488B2900AA575E /* APPLE_PIE.xcdatamodeld in Sources */,
				3E934D7D26488B2900AA575E /* AppDelegate.swift in Sources */,
				3E934D7F26488B2900AA575E /* SceneDelegate.swift in Sources */,
			);
			runOnlyForDeploymentPostprocessing = 0;
		};
/* End PBXSourcesBuildPhase section */

/* Begin PBXVariantGroup section */
		3E934D8226488B2900AA575E /* Main.storyboard */ = {
			isa = PBXVariantGroup;
			children = (
				3E934D8326488B2900AA575E /* Base */,
			);
			name = Main.storyboard;
			sourceTree = "<group>";
		};
		3E934D8A26488B2C00AA575E /* LaunchScreen.storyboard */ = {
			isa = PBXVariantGroup;
			children = (
				3E934D8B26488B2C00AA575E /* Base */,
			);
			name = LaunchScreen.storyboard;
			sourceTree = "<group>";
		};
/* End PBXVariantGroup section */

/* Begin XCBuildConfiguration section */
		3E934D8E26488B2C00AA575E /* Debug */ = {
			isa = XCBuildConfiguration;
			buildSettings = {
				ALWAYS_SEARCH_USER_PATHS = NO;
				CLANG_ANALYZER_NONNULL = YES;
				CLANG_ANALYZER_NUMBER_OBJECT_CONVERSION = YES_AGGRESSIVE;
				CLANG_CXX_LANGUAGE_STANDARD = "gnu++14";
				CLANG_CXX_LIBRARY = "libc++";
				CLANG_ENABLE_MODULES = YES;
				CLANG_ENABLE_OBJC_ARC = YES;
				CLANG_ENABLE_OBJC_WEAK = YES;
				CLANG_WARN_BLOCK_CAPTURE_AUTORELEASING = YES;
				CLANG_WARN_BOOL_CONVERSION = YES;
				CLANG_WARN_COMMA = YES;
				CLANG_WARN_CONSTANT_CONVERSION = YES;
				CLANG_WARN_DEPRECATED_OBJC_IMPLEMENTATIONS = YES;
				CLANG_WARN_DIRECT_OBJC_ISA_USAGE = YES_ERROR;
				CLANG_WARN_DOCUMENTATION_COMMENTS = YES;
				CLANG_WARN_EMPTY_BODY = YES;
				CLANG_WARN_ENUM_CONVERSION = YES;
				CLANG_WARN_INFINITE_RECURSION = YES;
				CLANG_WARN_INT_CONVERSION = YES;
				CLANG_WARN_NON_LITERAL_NULL_CONVERSION = YES;
				CLANG_WARN_OBJC_IMPLICIT_RETAIN_SELF = YES;
				CLANG_WARN_OBJC_LITERAL_CONVERSION = YES;
				CLANG_WARN_OBJC_ROOT_CLASS = YES_ERROR;
				CLANG_WARN_QUOTED_INCLUDE_IN_FRAMEWORK_HEADER = YES;
				CLANG_WARN_RANGE_LOOP_ANALYSIS = YES;
				CLANG_WARN_STRICT_PROTOTYPES = YES;
				CLANG_WARN_SUSPICIOUS_MOVE = YES;
				CLANG_WARN_UNGUARDED_AVAILABILITY = YES_AGGRESSIVE;
				CLANG_WARN_UNREACHABLE_CODE = YES;
				CLANG_WARN__DUPLICATE_METHOD_MATCH = YES;
				COPY_PHASE_STRIP = NO;
				DEBUG_INFORMATION_FORMAT = dwarf;
				ENABLE_STRICT_OBJC_MSGSEND = YES;
				ENABLE_TESTABILITY = YES;
				GCC_C_LANGUAGE_STANDARD = gnu11;
				GCC_DYNAMIC_NO_PIC = NO;
				GCC_NO_COMMON_BLOCKS = YES;
				GCC_OPTIMIZATION_LEVEL = 0;
				GCC_PREPROCESSOR_DEFINITIONS = (
					"DEBUG=1",
					"$(inherited)",
				);
				GCC_WARN_64_TO_32_BIT_CONVERSION = YES;
				GCC_WARN_ABOUT_RETURN_TYPE = YES_ERROR;
				GCC_WARN_UNDECLARED_SELECTOR = YES;
				GCC_WARN_UNINITIALIZED_AUTOS = YES_AGGRESSIVE;
				GCC_WARN_UNUSED_FUNCTION = YES;
				GCC_WARN_UNUSED_VARIABLE = YES;
				IPHONEOS_DEPLOYMENT_TARGET = 14.5;
				MTL_ENABLE_DEBUG_INFO = INCLUDE_SOURCE;
				MTL_FAST_MATH = YES;
				ONLY_ACTIVE_ARCH = YES;
				SDKROOT = iphoneos;
				SWIFT_ACTIVE_COMPILATION_CONDITIONS = DEBUG;
				SWIFT_OPTIMIZATION_LEVEL = "-Onone";
			};
			name = Debug;
		};
		3E934D8F26488B2C00AA575E /* Release */ = {
			isa = XCBuildConfiguration;
			buildSettings = {
				ALWAYS_SEARCH_USER_PATHS = NO;
				CLANG_ANALYZER_NONNULL = YES;
				CLANG_ANALYZER_NUMBER_OBJECT_CONVERSION = YES_AGGRESSIVE;
				CLANG_CXX_LANGUAGE_STANDARD = "gnu++14";
				CLANG_CXX_LIBRARY = "libc++";
				CLANG_ENABLE_MODULES = YES;
				CLANG_ENABLE_OBJC_ARC = YES;
				CLANG_ENABLE_OBJC_WEAK = YES;
				CLANG_WARN_BLOCK_CAPTURE_AUTORELEASING = YES;
				CLANG_WARN_BOOL_CONVERSION = YES;
				CLANG_WARN_COMMA = YES;
				CLANG_WARN_CONSTANT_CONVERSION = YES;
				CLANG_WARN_DEPRECATED_OBJC_IMPLEMENTATIONS = YES;
				CLANG_WARN_DIRECT_OBJC_ISA_USAGE = YES_ERROR;
				CLANG_WARN_DOCUMENTATION_COMMENTS = YES;
				CLANG_WARN_EMPTY_BODY = YES;
				CLANG_WARN_ENUM_CONVERSION = YES;
				CLANG_WARN_INFINITE_RECURSION = YES;
				CLANG_WARN_INT_CONVERSION = YES;
				CLANG_WARN_NON_LITERAL_NULL_CONVERSION = YES;
				CLANG_WARN_OBJC_IMPLICIT_RETAIN_SELF = YES;
				CLANG_WARN_OBJC_LITERAL_CONVERSION = YES;
				CLANG_WARN_OBJC_ROOT_CLASS = YES_ERROR;
				CLANG_WARN_QUOTED_INCLUDE_IN_FRAMEWORK_HEADER = YES;
				CLANG_WARN_RANGE_LOOP_ANALYSIS = YES;
				CLANG_WARN_STRICT_PROTOTYPES = YES;
				CLANG_WARN_SUSPICIOUS_MOVE = YES;
				CLANG_WARN_UNGUARDED_AVAILABILITY = YES_AGGRESSIVE;
				CLANG_WARN_UNREACHABLE_CODE = YES;
				CLANG_WARN__DUPLICATE_METHOD_MATCH = YES;
				COPY_PHASE_STRIP = NO;
				DEBUG_INFORMATION_FORMAT = "dwarf-with-dsym";
				ENABLE_NS_ASSERTIONS = NO;
				ENABLE_STRICT_OBJC_MSGSEND = YES;
				GCC_C_LANGUAGE_STANDARD = gnu11;
				GCC_NO_COMMON_BLOCKS = YES;
				GCC_WARN_64_TO_32_BIT_CONVERSION = YES;
				GCC_WARN_ABOUT_RETURN_TYPE = YES_ERROR;
				GCC_WARN_UNDECLARED_SELECTOR = YES;
				GCC_WARN_UNINITIALIZED_AUTOS = YES_AGGRESSIVE;
				GCC_WARN_UNUSED_FUNCTION = YES;
				GCC_WARN_UNUSED_VARIABLE = YES;
				IPHONEOS_DEPLOYMENT_TARGET = 14.5;
				MTL_ENABLE_DEBUG_INFO = NO;
				MTL_FAST_MATH = YES;
				SDKROOT = iphoneos;
				SWIFT_COMPILATION_MODE = wholemodule;
				SWIFT_OPTIMIZATION_LEVEL = "-O";
				VALIDATE_PRODUCT = YES;
			};
			name = Release;
		};
		3E934D9126488B2C00AA575E /* Debug */ = {
			isa = XCBuildConfiguration;
			buildSettings = {
				ASSETCATALOG_COMPILER_APPICON_NAME = AppIcon;
				ASSETCATALOG_COMPILER_GLOBAL_ACCENT_COLOR_NAME = AccentColor;
				CODE_SIGN_STYLE = Automatic;
				DEVELOPMENT_TEAM = G8G6X3S278;
				INFOPLIST_FILE = "APPLE PIE/Info.plist";
				LD_RUNPATH_SEARCH_PATHS = (
					"$(inherited)",
					"@executable_path/Frameworks",
				);
				PRODUCT_BUNDLE_IDENTIFIER = "Favour.APPLE-PIE";
				PRODUCT_NAME = "$(TARGET_NAME)";
				SWIFT_VERSION = 5.0;
				TARGETED_DEVICE_FAMILY = "1,2";
			};
			name = Debug;
		};
		3E934D9226488B2C00AA575E /* Release */ = {
			isa = XCBuildConfiguration;
			buildSettings = {
				ASSETCATALOG_COMPILER_APPICON_NAME = AppIcon;
				ASSETCATALOG_COMPILER_GLOBAL_ACCENT_COLOR_NAME = AccentColor;
				CODE_SIGN_STYLE = Automatic;
				DEVELOPMENT_TEAM = G8G6X3S278;
				INFOPLIST_FILE = "APPLE PIE/Info.plist";
				LD_RUNPATH_SEARCH_PATHS = (
					"$(inherited)",
					"@executable_path/Frameworks",
				);
				PRODUCT_BUNDLE_IDENTIFIER = "Favour.APPLE-PIE";
				PRODUCT_NAME = "$(TARGET_NAME)";
				SWIFT_VERSION = 5.0;
				TARGETED_DEVICE_FAMILY = "1,2";
			};
			name = Release;
		};
/* End XCBuildConfiguration section */

/* Begin XCConfigurationList section */
		3E934D7426488B2900AA575E /* Build configuration list for PBXProject "APPLE PIE" */ = {
			isa = XCConfigurationList;
			buildConfigurations = (
				3E934D8E26488B2C00AA575E /* Debug */,
				3E934D8F26488B2C00AA575E /* Release */,
			);
			defaultConfigurationIsVisible = 0;
			defaultConfigurationName = Release;
		};
		3E934D9026488B2C00AA575E /* Build configuration list for PBXNativeTarget "APPLE PIE" */ = {
			isa = XCConfigurationList;
			buildConfigurations = (
				3E934D9126488B2C00AA575E /* Debug */,
				3E934D9226488B2C00AA575E /* Release */,
			);
			defaultConfigurationIsVisible = 0;
			defaultConfigurationName = Release;
		};
/* End XCConfigurationList section */

/* Begin XCVersionGroup section */
		3E934D8526488B2900AA575E /* APPLE_PIE.xcdatamodeld */ = {
			isa = XCVersionGroup;
			children = (
				3E934D8626488B2900AA575E /* APPLE_PIE.xcdatamodel */,
			);
			currentVersion = 3E934D8626488B2900AA575E /* APPLE_PIE.xcdatamodel */;
			path = APPLE_PIE.xcdatamodeld;
			sourceTree = "<group>";
			versionGroupType = wrapper.xcdatamodel;
		};
/* End XCVersionGroup section */
	};
	rootObject = 3E934D7126488B2900AA575E /* Project object */;
}
